// !$*UTF8*$!
{
	archiveVersion = 1;
	classes = {
	};
	objectVersion = 77;
	objects = {

/* Begin PBXBuildFile section */
		083AF01ED8ACB08C31906DF7 /* HomeView.swift in Sources */ = {isa = PBXBuildFile; fileRef = 73F0367E252B7D1CA59E0A08 /* HomeView.swift */; };
		1E2B66BB34E11A16452C9B98 /* ChallengeAttempt.swift in Sources */ = {isa = PBXBuildFile; fileRef = 099A1B4DC02141F66CEBC532 /* ChallengeAttempt.swift */; };
		298313B80B953BE951CFF917 /* ScheduleListView.swift in Sources */ = {isa = PBXBuildFile; fileRef = ADE37BBFBABD73E3DD1C999D /* ScheduleListView.swift */; };
		2EB1F94E53B76A1C2F6DC189 /* StatsView.swift in Sources */ = {isa = PBXBuildFile; fileRef = ABC3B7847D93AFBD199E7458 /* StatsView.swift */; };
		384664BB3FEFE564323C5D0D /* NetworkLinesView.swift in Sources */ = {isa = PBXBuildFile; fileRef = 335F9DF084057DAC245B5BA8 /* NetworkLinesView.swift */; };
		384DD31FC0CE7C8983B8F004 /* NativeAdView.swift in Sources */ = {isa = PBXBuildFile; fileRef = 63ADFD2CF59413034F93D078 /* NativeAdView.swift */; };
		3B9AA79A6A9DFC7828C29ACA /* FocusLockUITests.swift in Sources */ = {isa = PBXBuildFile; fileRef = 1E707F738DE0222726F2C9F6 /* FocusLockUITests.swift */; };
		48A435AC99BF5F8E64918AB0 /* SharedComponents.swift in Sources */ = {isa = PBXBuildFile; fileRef = B7670024864523A00918FE7A /* SharedComponents.swift */; };
		4AA94CE52125D19392715372 /* Challenge.swift in Sources */ = {isa = PBXBuildFile; fileRef = C87882E24017120B5750799B /* Challenge.swift */; };
		4F20C26B1042B18551423203 /* ChallengeEngine.swift in Sources */ = {isa = PBXBuildFile; fileRef = 6340E86EA7642BE4174D3381 /* ChallengeEngine.swift */; };
		52E8252E871B52E066B58F2C /* ScreenTimeService.swift in Sources */ = {isa = PBXBuildFile; fileRef = 45DE626BB8997D5F42555284 /* ScreenTimeService.swift */; };
		53D57D0F189319BE8633EC7A /* ActiveLockView.swift in Sources */ = {isa = PBXBuildFile; fileRef = F0C1A75F9DE906474B4FB241 /* ActiveLockView.swift */; };
		5A6AF6C6D501CF71C6809D8A /* RewardedAdButton.swift in Sources */ = {isa = PBXBuildFile; fileRef = 233F88262863124F49031A4F /* RewardedAdButton.swift */; };
		5F1602D12634ABDF58E03853 /* FocusLockProView.swift in Sources */ = {isa = PBXBuildFile; fileRef = 3E3ECF189C1C2489EF74CF61 /* FocusLockProView.swift */; };
		67727A9BE61D10F0562371C3 /* OnboardingView.swift in Sources */ = {isa = PBXBuildFile; fileRef = 3155ACC31249E3FBE61A0BF5 /* OnboardingView.swift */; };
		6D6006402EDA29F41A52CF72 /* FocusSchedule.swift in Sources */ = {isa = PBXBuildFile; fileRef = D8DECD2278FC9D918E3BA5E6 /* FocusSchedule.swift */; };
		799359F0F437F5B05C516025 /* Theme.swift in Sources */ = {isa = PBXBuildFile; fileRef = 2F1A0CB565CBA29F53935E22 /* Theme.swift */; };
		896379CDE411E351F60046F1 /* ContentView.swift in Sources */ = {isa = PBXBuildFile; fileRef = D71F8F65B7549C6DECE1C0A4 /* ContentView.swift */; };
		902C31DFA2474F03C9451A40 /* ChallengeView.swift in Sources */ = {isa = PBXBuildFile; fileRef = 793F9580CD65E2CEA9754E81 /* ChallengeView.swift */; };
		96CF43238CAFACCF56DB62A3 /* BannerAdView.swift in Sources */ = {isa = PBXBuildFile; fileRef = D9A87C5F23DDEB2A635C8030 /* BannerAdView.swift */; };
		976DD9216B991EE8A000AD59 /* SettingsView.swift in Sources */ = {isa = PBXBuildFile; fileRef = 48B7430CD96E571B48A16620 /* SettingsView.swift */; };
		97ED545AFBE4C8C1675F7D82 /* PremiumBadge.swift in Sources */ = {isa = PBXBuildFile; fileRef = C85FC751B41C29D454BB7E4F /* PremiumBadge.swift */; };
		A542618B4D894843E2BEC66E /* AdManager.swift in Sources */ = {isa = PBXBuildFile; fileRef = 02B6ABD9BA39B7FB36FB4F18 /* AdManager.swift */; };
		AD05B064DB2D21379E53B786 /* InterstitialAdView.swift in Sources */ = {isa = PBXBuildFile; fileRef = 6C979FF9E3800AA388CEA18B /* InterstitialAdView.swift */; };
		B6DE29E1821DD0275C8E7E06 /* StoreManager.swift in Sources */ = {isa = PBXBuildFile; fileRef = 3BD5B353A8C5D518B38A91E2 /* StoreManager.swift */; };
		C28BF83C323E7AC82BDF0A5F /* FocusSession.swift in Sources */ = {isa = PBXBuildFile; fileRef = 65A264F4631CEBEA60AFEF5D /* FocusSession.swift */; };
		C7A34D11DDAD991F4901A883 /* Assets.xcassets in Resources */ = {isa = PBXBuildFile; fileRef = EA677BB4858D65F1B095B3C5 /* Assets.xcassets */; };
		D3AC0919303D7B9AF20BB852 /* FocusLockApp.swift in Sources */ = {isa = PBXBuildFile; fileRef = E6B6B264531577FBCB1F17A5 /* FocusLockApp.swift */; };
		DBA8F44DCA89F5B4ACB11C4B /* ScheduleCreatorView.swift in Sources */ = {isa = PBXBuildFile; fileRef = 585F4EBA675BBEF8A5B61FE6 /* ScheduleCreatorView.swift */; };
/* End PBXBuildFile section */

/* Begin PBXContainerItemProxy section */
		21ACC3CE1DB3EFB7B9634564 /* PBXContainerItemProxy */ = {
			isa = PBXContainerItemProxy;
			containerPortal = 29E2A9ACFFADEAA47FD65614 /* Project object */;
			proxyType = 1;
			remoteGlobalIDString = 3B60F5E235D5C5B5D77396B0;
			remoteInfo = FocusLock;
		};
/* End PBXContainerItemProxy section */

/* Begin PBXFileReference section */
		02B6ABD9BA39B7FB36FB4F18 /* AdManager.swift */ = {isa = PBXFileReference; lastKnownFileType = sourcecode.swift; path = AdManager.swift; sourceTree = "<group>"; };
		099A1B4DC02141F66CEBC532 /* ChallengeAttempt.swift */ = {isa = PBXFileReference; lastKnownFileType = sourcecode.swift; path = ChallengeAttempt.swift; sourceTree = "<group>"; };
		0D55B858873779E025D610AE /* FocusLockUITests.xctest */ = {isa = PBXFileReference; includeInIndex = 0; lastKnownFileType = wrapper.cfbundle; path = FocusLockUITests.xctest; sourceTree = BUILT_PRODUCTS_DIR; };
		1E707F738DE0222726F2C9F6 /* FocusLockUITests.swift */ = {isa = PBXFileReference; lastKnownFileType = sourcecode.swift; path = FocusLockUITests.swift; sourceTree = "<group>"; };
		233F88262863124F49031A4F /* RewardedAdButton.swift */ = {isa = PBXFileReference; lastKnownFileType = sourcecode.swift; path = RewardedAdButton.swift; sourceTree = "<group>"; };
		2F1A0CB565CBA29F53935E22 /* Theme.swift */ = {isa = PBXFileReference; lastKnownFileType = sourcecode.swift; path = Theme.swift; sourceTree = "<group>"; };
		3155ACC31249E3FBE61A0BF5 /* OnboardingView.swift */ = {isa = PBXFileReference; lastKnownFileType = sourcecode.swift; path = OnboardingView.swift; sourceTree = "<group>"; };
		335F9DF084057DAC245B5BA8 /* NetworkLinesView.swift */ = {isa = PBXFileReference; lastKnownFileType = sourcecode.swift; path = NetworkLinesView.swift; sourceTree = "<group>"; };
		3BD5B353A8C5D518B38A91E2 /* StoreManager.swift */ = {isa = PBXFileReference; lastKnownFileType = sourcecode.swift; path = StoreManager.swift; sourceTree = "<group>"; };
		3E3ECF189C1C2489EF74CF61 /* FocusLockProView.swift */ = {isa = PBXFileReference; lastKnownFileType = sourcecode.swift; path = FocusLockProView.swift; sourceTree = "<group>"; };
		45DE626BB8997D5F42555284 /* ScreenTimeService.swift */ = {isa = PBXFileReference; lastKnownFileType = sourcecode.swift; path = ScreenTimeService.swift; sourceTree = "<group>"; };
		48B7430CD96E571B48A16620 /* SettingsView.swift */ = {isa = PBXFileReference; lastKnownFileType = sourcecode.swift; path = SettingsView.swift; sourceTree = "<group>"; };
		585F4EBA675BBEF8A5B61FE6 /* ScheduleCreatorView.swift */ = {isa = PBXFileReference; lastKnownFileType = sourcecode.swift; path = ScheduleCreatorView.swift; sourceTree = "<group>"; };
		6340E86EA7642BE4174D3381 /* ChallengeEngine.swift */ = {isa = PBXFileReference; lastKnownFileType = sourcecode.swift; path = ChallengeEngine.swift; sourceTree = "<group>"; };
		63ADFD2CF59413034F93D078 /* NativeAdView.swift */ = {isa = PBXFileReference; lastKnownFileType = sourcecode.swift; path = NativeAdView.swift; sourceTree = "<group>"; };
		65A264F4631CEBEA60AFEF5D /* FocusSession.swift */ = {isa = PBXFileReference; lastKnownFileType = sourcecode.swift; path = FocusSession.swift; sourceTree = "<group>"; };
		6C979FF9E3800AA388CEA18B /* InterstitialAdView.swift */ = {isa = PBXFileReference; lastKnownFileType = sourcecode.swift; path = InterstitialAdView.swift; sourceTree = "<group>"; };
		73F0367E252B7D1CA59E0A08 /* HomeView.swift */ = {isa = PBXFileReference; lastKnownFileType = sourcecode.swift; path = HomeView.swift; sourceTree = "<group>"; };
		793F9580CD65E2CEA9754E81 /* ChallengeView.swift */ = {isa = PBXFileReference; lastKnownFileType = sourcecode.swift; path = ChallengeView.swift; sourceTree = "<group>"; };
		92225BD262C1762AD004F175 /* FocusLock.app */ = {isa = PBXFileReference; includeInIndex = 0; lastKnownFileType = wrapper.application; path = FocusLock.app; sourceTree = BUILT_PRODUCTS_DIR; };
		ABC3B7847D93AFBD199E7458 /* StatsView.swift */ = {isa = PBXFileReference; lastKnownFileType = sourcecode.swift; path = StatsView.swift; sourceTree = "<group>"; };
		ADE37BBFBABD73E3DD1C999D /* ScheduleListView.swift */ = {isa = PBXFileReference; lastKnownFileType = sourcecode.swift; path = ScheduleListView.swift; sourceTree = "<group>"; };
		B7670024864523A00918FE7A /* SharedComponents.swift */ = {isa = PBXFileReference; lastKnownFileType = sourcecode.swift; path = SharedComponents.swift; sourceTree = "<group>"; };
		C85FC751B41C29D454BB7E4F /* PremiumBadge.swift */ = {isa = PBXFileReference; lastKnownFileType = sourcecode.swift; path = PremiumBadge.swift; sourceTree = "<group>"; };
		C87882E24017120B5750799B /* Challenge.swift */ = {isa = PBXFileReference; lastKnownFileType = sourcecode.swift; path = Challenge.swift; sourceTree = "<group>"; };
		D71F8F65B7549C6DECE1C0A4 /* ContentView.swift */ = {isa = PBXFileReference; lastKnownFileType = sourcecode.swift; path = ContentView.swift; sourceTree = "<group>"; };
		D8DECD2278FC9D918E3BA5E6 /* FocusSchedule.swift */ = {isa = PBXFileReference; lastKnownFileType = sourcecode.swift; path = FocusSchedule.swift; sourceTree = "<group>"; };
		D9A87C5F23DDEB2A635C8030 /* BannerAdView.swift */ = {isa = PBXFileReference; lastKnownFileType = sourcecode.swift; path = BannerAdView.swift; sourceTree = "<group>"; };
		E6B6B264531577FBCB1F17A5 /* FocusLockApp.swift */ = {isa = PBXFileReference; lastKnownFileType = sourcecode.swift; path = FocusLockApp.swift; sourceTree = "<group>"; };
		EA677BB4858D65F1B095B3C5 /* Assets.xcassets */ = {isa = PBXFileReference; lastKnownFileType = folder.assetcatalog; path = Assets.xcassets; sourceTree = "<group>"; };
		F0C1A75F9DE906474B4FB241 /* ActiveLockView.swift */ = {isa = PBXFileReference; lastKnownFileType = sourcecode.swift; path = ActiveLockView.swift; sourceTree = "<group>"; };
/* End PBXFileReference section */

/* Begin PBXGroup section */
		01EE3630B8D7ED85770BD962 /* Shared */ = {
			isa = PBXGroup;
			children = (
				A4167D0B5CB3B7F08C795BC1 /* Components */,
				FA678E560DCAA2607828DF1A /* Theme */,
			);
			path = Shared;
			sourceTree = "<group>";
		};
		039ABF572CF5615A71DFAA6C /* ActiveLock */ = {
			isa = PBXGroup;
			children = (
				F0C1A75F9DE906474B4FB241 /* ActiveLockView.swift */,
			);
			path = ActiveLock;
			sourceTree = "<group>";
		};
		24B57418F60634F93FD103F0 /* Services */ = {
			isa = PBXGroup;
			children = (
				02B6ABD9BA39B7FB36FB4F18 /* AdManager.swift */,
				6340E86EA7642BE4174D3381 /* ChallengeEngine.swift */,
				45DE626BB8997D5F42555284 /* ScreenTimeService.swift */,
				3BD5B353A8C5D518B38A91E2 /* StoreManager.swift */,
			);
			path = Services;
			sourceTree = "<group>";
		};
		2B0D48DD8841B8FEA6B840AF = {
			isa = PBXGroup;
			children = (
				53D1D9CFAFC6DBBF3F2EBB83 /* FocusLock */,
				EEA2FA72C9FE3EFC803D59E6 /* FocusLockUITests */,
				C7F71669A533A4A1EF86823A /* Products */,
			);
			sourceTree = "<group>";
		};
		39AF113214F7C5AA30D41F0E /* Models */ = {
			isa = PBXGroup;
			children = (
				C87882E24017120B5750799B /* Challenge.swift */,
				099A1B4DC02141F66CEBC532 /* ChallengeAttempt.swift */,
				D8DECD2278FC9D918E3BA5E6 /* FocusSchedule.swift */,
				65A264F4631CEBEA60AFEF5D /* FocusSession.swift */,
			);
			path = Models;
			sourceTree = "<group>";
		};
		53D1D9CFAFC6DBBF3F2EBB83 /* FocusLock */ = {
			isa = PBXGroup;
			children = (
				EA677BB4858D65F1B095B3C5 /* Assets.xcassets */,
				B254D1A1C0EDD01577D09442 /* App */,
				CE844FCFA56837BECBA22875 /* Features */,
				39AF113214F7C5AA30D41F0E /* Models */,
				24B57418F60634F93FD103F0 /* Services */,
				01EE3630B8D7ED85770BD962 /* Shared */,
			);
			path = FocusLock;
			sourceTree = "<group>";
		};
		6F28650CA44248582498A0BA /* Challenge */ = {
			isa = PBXGroup;
			children = (
				793F9580CD65E2CEA9754E81 /* ChallengeView.swift */,
			);
			path = Challenge;
			sourceTree = "<group>";
		};
		6F2B3A3D0C855D923F45E80D /* Settings */ = {
			isa = PBXGroup;
			children = (
				48B7430CD96E571B48A16620 /* SettingsView.swift */,
			);
			path = Settings;
			sourceTree = "<group>";
		};
		A4167D0B5CB3B7F08C795BC1 /* Components */ = {
			isa = PBXGroup;
			children = (
				335F9DF084057DAC245B5BA8 /* NetworkLinesView.swift */,
				C85FC751B41C29D454BB7E4F /* PremiumBadge.swift */,
				B7670024864523A00918FE7A /* SharedComponents.swift */,
			);
			path = Components;
			sourceTree = "<group>";
		};
		B254D1A1C0EDD01577D09442 /* App */ = {
			isa = PBXGroup;
			children = (
				D71F8F65B7549C6DECE1C0A4 /* ContentView.swift */,
				E6B6B264531577FBCB1F17A5 /* FocusLockApp.swift */,
			);
			path = App;
			sourceTree = "<group>";
		};
		B32ED6CDDE07D7AEA0C3746D /* Onboarding */ = {
			isa = PBXGroup;
			children = (
				3155ACC31249E3FBE61A0BF5 /* OnboardingView.swift */,
			);
			path = Onboarding;
			sourceTree = "<group>";
		};
		C0A7F73D2753E5CAC1DE1A13 /* Home */ = {
			isa = PBXGroup;
			children = (
				73F0367E252B7D1CA59E0A08 /* HomeView.swift */,
			);
			path = Home;
			sourceTree = "<group>";
		};
		C7F71669A533A4A1EF86823A /* Products */ = {
			isa = PBXGroup;
			children = (
				92225BD262C1762AD004F175 /* FocusLock.app */,
				0D55B858873779E025D610AE /* FocusLockUITests.xctest */,
			);
			name = Products;
			sourceTree = "<group>";
		};
		CE844FCFA56837BECBA22875 /* Features */ = {
			isa = PBXGroup;
			children = (
				039ABF572CF5615A71DFAA6C /* ActiveLock */,
				F4C1F935CB96B97752247ECA /* Ads */,
				6F28650CA44248582498A0BA /* Challenge */,
				C0A7F73D2753E5CAC1DE1A13 /* Home */,
				B32ED6CDDE07D7AEA0C3746D /* Onboarding */,
				F8E23A9992EEB10E7A5F7274 /* Schedule */,
				6F2B3A3D0C855D923F45E80D /* Settings */,
				D9D696E40A2027C675DB3A8D /* Stats */,
			);
			path = Features;
			sourceTree = "<group>";
		};
		D9D696E40A2027C675DB3A8D /* Stats */ = {
			isa = PBXGroup;
			children = (
				ABC3B7847D93AFBD199E7458 /* StatsView.swift */,
			);
			path = Stats;
			sourceTree = "<group>";
		};
		EEA2FA72C9FE3EFC803D59E6 /* FocusLockUITests */ = {
			isa = PBXGroup;
			children = (
				1E707F738DE0222726F2C9F6 /* FocusLockUITests.swift */,
			);
			path = FocusLockUITests;
			sourceTree = "<group>";
		};
		F4C1F935CB96B97752247ECA /* Ads */ = {
			isa = PBXGroup;
			children = (
				D9A87C5F23DDEB2A635C8030 /* BannerAdView.swift */,
				3E3ECF189C1C2489EF74CF61 /* FocusLockProView.swift */,
				6C979FF9E3800AA388CEA18B /* InterstitialAdView.swift */,
				63ADFD2CF59413034F93D078 /* NativeAdView.swift */,
				233F88262863124F49031A4F /* RewardedAdButton.swift */,
			);
			path = Ads;
			sourceTree = "<group>";
		};
		F8E23A9992EEB10E7A5F7274 /* Schedule */ = {
			isa = PBXGroup;
			children = (
				585F4EBA675BBEF8A5B61FE6 /* ScheduleCreatorView.swift */,
				ADE37BBFBABD73E3DD1C999D /* ScheduleListView.swift */,
			);
			path = Schedule;
			sourceTree = "<group>";
		};
		FA678E560DCAA2607828DF1A /* Theme */ = {
			isa = PBXGroup;
			children = (
				2F1A0CB565CBA29F53935E22 /* Theme.swift */,
			);
			path = Theme;
			sourceTree = "<group>";
		};
/* End PBXGroup section */

/* Begin PBXNativeTarget section */
		3B60F5E235D5C5B5D77396B0 /* FocusLock */ = {
			isa = PBXNativeTarget;
			buildConfigurationList = 344568AE97E40F4B35E512A3 /* Build configuration list for PBXNativeTarget "FocusLock" */;
			buildPhases = (
				757E9FBD9977116145065404 /* Sources */,
				4FFFC11D3A3581B5D8D79DED /* Resources */,
			);
			buildRules = (
			);
			dependencies = (
			);
			name = FocusLock;
			packageProductDependencies = (
			);
			productName = FocusLock;
			productReference = 92225BD262C1762AD004F175 /* FocusLock.app */;
			productType = "com.apple.product-type.application";
		};
		9CB6C014424519326CD43E46 /* FocusLockUITests */ = {
			isa = PBXNativeTarget;
			buildConfigurationList = 4917ED1351971D25762AAE8A /* Build configuration list for PBXNativeTarget "FocusLockUITests" */;
			buildPhases = (
				AD84D1935AC3CE022D344733 /* Sources */,
			);
			buildRules = (
			);
			dependencies = (
				7439D0BD52B74F04C85BBE10 /* PBXTargetDependency */,
			);
			name = FocusLockUITests;
			packageProductDependencies = (
			);
			productName = FocusLockUITests;
			productReference = 0D55B858873779E025D610AE /* FocusLockUITests.xctest */;
			productType = "com.apple.product-type.bundle.ui-testing";
		};
/* End PBXNativeTarget section */

/* Begin PBXProject section */
		29E2A9ACFFADEAA47FD65614 /* Project object */ = {
			isa = PBXProject;
			attributes = {
				BuildIndependentTargetsInParallel = YES;
				LastUpgradeCheck = 1430;
				TargetAttributes = {
					9CB6C014424519326CD43E46 = {
						TestTargetID = 3B60F5E235D5C5B5D77396B0;
					};
				};
			};
			buildConfigurationList = 4E937BF2C3C5309AED844B32 /* Build configuration list for PBXProject "FocusLock" */;
			compatibilityVersion = "Xcode 14.0";
			developmentRegion = en;
			hasScannedForEncodings = 0;
			knownRegions = (
				Base,
				en,
			);
			mainGroup = 2B0D48DD8841B8FEA6B840AF;
			minimizedProjectReferenceProxies = 1;
			preferredProjectObjectVersion = 77;
			projectDirPath = "";
			projectRoot = "";
			targets = (
				3B60F5E235D5C5B5D77396B0 /* FocusLock */,
				9CB6C014424519326CD43E46 /* FocusLockUITests */,
			);
		};
/* End PBXProject section */

/* Begin PBXResourcesBuildPhase section */
		4FFFC11D3A3581B5D8D79DED /* Resources */ = {
			isa = PBXResourcesBuildPhase;
			buildActionMask = 2147483647;
			files = (
				C7A34D11DDAD991F4901A883 /* Assets.xcassets in Resources */,
			);
			runOnlyForDeploymentPostprocessing = 0;
		};
/* End PBXResourcesBuildPhase section */

/* Begin PBXSourcesBuildPhase section */
		757E9FBD9977116145065404 /* Sources */ = {
			isa = PBXSourcesBuildPhase;
			buildActionMask = 2147483647;
			files = (
				53D57D0F189319BE8633EC7A /* ActiveLockView.swift in Sources */,
				A542618B4D894843E2BEC66E /* AdManager.swift in Sources */,
				96CF43238CAFACCF56DB62A3 /* BannerAdView.swift in Sources */,
				4AA94CE52125D19392715372 /* Challenge.swift in Sources */,
				1E2B66BB34E11A16452C9B98 /* ChallengeAttempt.swift in Sources */,
				4F20C26B1042B18551423203 /* ChallengeEngine.swift in Sources */,
				902C31DFA2474F03C9451A40 /* ChallengeView.swift in Sources */,
				896379CDE411E351F60046F1 /* ContentView.swift in Sources */,
				D3AC0919303D7B9AF20BB852 /* FocusLockApp.swift in Sources */,
				5F1602D12634ABDF58E03853 /* FocusLockProView.swift in Sources */,
				6D6006402EDA29F41A52CF72 /* FocusSchedule.swift in Sources */,
				C28BF83C323E7AC82BDF0A5F /* FocusSession.swift in Sources */,
				083AF01ED8ACB08C31906DF7 /* HomeView.swift in Sources */,
				AD05B064DB2D21379E53B786 /* InterstitialAdView.swift in Sources */,
				384DD31FC0CE7C8983B8F004 /* NativeAdView.swift in Sources */,
				384664BB3FEFE564323C5D0D /* NetworkLinesView.swift in Sources */,
				67727A9BE61D10F0562371C3 /* OnboardingView.swift in Sources */,
				97ED545AFBE4C8C1675F7D82 /* PremiumBadge.swift in Sources */,
				5A6AF6C6D501CF71C6809D8A /* RewardedAdButton.swift in Sources */,
				DBA8F44DCA89F5B4ACB11C4B /* ScheduleCreatorView.swift in Sources */,
				298313B80B953BE951CFF917 /* ScheduleListView.swift in Sources */,
				52E8252E871B52E066B58F2C /* ScreenTimeService.swift in Sources */,
				976DD9216B991EE8A000AD59 /* SettingsView.swift in Sources */,
				48A435AC99BF5F8E64918AB0 /* SharedComponents.swift in Sources */,
				2EB1F94E53B76A1C2F6DC189 /* StatsView.swift in Sources */,
				B6DE29E1821DD0275C8E7E06 /* StoreManager.swift in Sources */,
				799359F0F437F5B05C516025 /* Theme.swift in Sources */,
			);
			runOnlyForDeploymentPostprocessing = 0;
		};
		AD84D1935AC3CE022D344733 /* Sources */ = {
			isa = PBXSourcesBuildPhase;
			buildActionMask = 2147483647;
			files = (
				3B9AA79A6A9DFC7828C29ACA /* FocusLockUITests.swift in Sources */,
			);
			runOnlyForDeploymentPostprocessing = 0;
		};
/* End PBXSourcesBuildPhase section */

/* Begin PBXTargetDependency section */
		7439D0BD52B74F04C85BBE10 /* PBXTargetDependency */ = {
			isa = PBXTargetDependency;
			target = 3B60F5E235D5C5B5D77396B0 /* FocusLock */;
			targetProxy = 21ACC3CE1DB3EFB7B9634564 /* PBXContainerItemProxy */;
		};
/* End PBXTargetDependency section */

/* Begin XCBuildConfiguration section */
		040770E2B7110707F9FB0A8C /* Debug */ = {
			isa = XCBuildConfiguration;
			buildSettings = {
				BUNDLE_LOADER = "$(TEST_HOST)";
				CODE_SIGNING_ALLOWED = NO;
				CODE_SIGN_IDENTITY = "";
				GENERATE_INFOPLIST_FILE = YES;
				IPHONEOS_DEPLOYMENT_TARGET = 17.0;
				LD_RUNPATH_SEARCH_PATHS = (
					"$(inherited)",
					"@executable_path/Frameworks",
					"@loader_path/Frameworks",
				);
				SDKROOT = iphoneos;
				SWIFT_VERSION = 5.9;
				TARGETED_DEVICE_FAMILY = "1,2";
				TEST_TARGET_NAME = FocusLock;
			};
			name = Debug;
		};
		284A47B68ADC5051580733F0 /* Release */ = {
			isa = XCBuildConfiguration;
			buildSettings = {
				ALWAYS_SEARCH_USER_PATHS = NO;
				CLANG_ANALYZER_NONNULL = YES;
				CLANG_ANALYZER_NUMBER_OBJECT_CONVERSION = YES_AGGRESSIVE;
				CLANG_CXX_LANGUAGE_STANDARD = "gnu++14";
				CLANG_CXX_LIBRARY = "libc++";
				CLANG_ENABLE_MODULES = YES;
				CLANG_ENABLE_OBJC_ARC = YES;
				CLANG_ENABLE_OBJC_WEAK = YES;
				CLANG_WARN_BLOCK_CAPTURE_AUTORELEASING = YES;
				CLANG_WARN_BOOL_CONVERSION = YES;
				CLANG_WARN_COMMA = YES;
				CLANG_WARN_CONSTANT_CONVERSION = YES;
				CLANG_WARN_DEPRECATED_OBJC_IMPLEMENTATIONS = YES;
				CLANG_WARN_DIRECT_OBJC_ISA_USAGE = YES_ERROR;
				CLANG_WARN_DOCUMENTATION_COMMENTS = YES;
				CLANG_WARN_EMPTY_BODY = YES;
				CLANG_WARN_ENUM_CONVERSION = YES;
				CLANG_WARN_INFINITE_RECURSION = YES;
				CLANG_WARN_INT_CONVERSION = YES;
				CLANG_WARN_NON_LITERAL_NULL_CONVERSION = YES;
				CLANG_WARN_OBJC_IMPLICIT_RETAIN_SELF = YES;
				CLANG_WARN_OBJC_LITERAL_CONVERSION = YES;
				CLANG_WARN_OBJC_ROOT_CLASS = YES_ERROR;
				CLANG_WARN_QUOTED_INCLUDE_IN_FRAMEWORK_HEADER = YES;
				CLANG_WARN_RANGE_LOOP_ANALYSIS = YES;
				CLANG_WARN_STRICT_PROTOTYPES = YES;
				CLANG_WARN_SUSPICIOUS_MOVE = YES;
				CLANG_WARN_UNGUARDED_AVAILABILITY = YES_AGGRESSIVE;
				CLANG_WARN_UNREACHABLE_CODE = YES;
				CLANG_WARN__DUPLICATE_METHOD_MATCH = YES;
				COPY_PHASE_STRIP = NO;
				DEBUG_INFORMATION_FORMAT = "dwarf-with-dsym";
				ENABLE_NS_ASSERTIONS = NO;
				ENABLE_STRICT_OBJC_MSGSEND = YES;
				GCC_C_LANGUAGE_STANDARD = gnu11;
				GCC_NO_COMMON_BLOCKS = YES;
				GCC_WARN_64_TO_32_BIT_CONVERSION = YES;
				GCC_WARN_ABOUT_RETURN_TYPE = YES_ERROR;
				GCC_WARN_UNDECLARED_SELECTOR = YES;
				GCC_WARN_UNINITIALIZED_AUTOS = YES_AGGRESSIVE;
				GCC_WARN_UNUSED_FUNCTION = YES;
				GCC_WARN_UNUSED_VARIABLE = YES;
				MTL_ENABLE_DEBUG_INFO = NO;
				MTL_FAST_MATH = YES;
				PRODUCT_NAME = "$(TARGET_NAME)";
				SDKROOT = iphoneos;
				SWIFT_COMPILATION_MODE = wholemodule;
				SWIFT_OPTIMIZATION_LEVEL = "-O";
				SWIFT_VERSION = 5.0;
			};
			name = Release;
		};
		29159116B862B9EB373F0F44 /* Debug */ = {
			isa = XCBuildConfiguration;
			buildSettings = {
				ALWAYS_SEARCH_USER_PATHS = NO;
				CLANG_ANALYZER_NONNULL = YES;
				CLANG_ANALYZER_NUMBER_OBJECT_CONVERSION = YES_AGGRESSIVE;
				CLANG_CXX_LANGUAGE_STANDARD = "gnu++14";
				CLANG_CXX_LIBRARY = "libc++";
				CLANG_ENABLE_MODULES = YES;
				CLANG_ENABLE_OBJC_ARC = YES;
				CLANG_ENABLE_OBJC_WEAK = YES;
				CLANG_WARN_BLOCK_CAPTURE_AUTORELEASING = YES;
				CLANG_WARN_BOOL_CONVERSION = YES;
				CLANG_WARN_COMMA = YES;
				CLANG_WARN_CONSTANT_CONVERSION = YES;
				CLANG_WARN_DEPRECATED_OBJC_IMPLEMENTATIONS = YES;
				CLANG_WARN_DIRECT_OBJC_ISA_USAGE = YES_ERROR;
				CLANG_WARN_DOCUMENTATION_COMMENTS = YES;
				CLANG_WARN_EMPTY_BODY = YES;
				CLANG_WARN_ENUM_CONVERSION = YES;
				CLANG_WARN_INFINITE_RECURSION = YES;
				CLANG_WARN_INT_CONVERSION = YES;
				CLANG_WARN_NON_LITERAL_NULL_CONVERSION = YES;
				CLANG_WARN_OBJC_IMPLICIT_RETAIN_SELF = YES;
				CLANG_WARN_OBJC_LITERAL_CONVERSION = YES;
				CLANG_WARN_OBJC_ROOT_CLASS = YES_ERROR;
				CLANG_WARN_QUOTED_INCLUDE_IN_FRAMEWORK_HEADER = YES;
				CLANG_WARN_RANGE_LOOP_ANALYSIS = YES;
				CLANG_WARN_STRICT_PROTOTYPES = YES;
				CLANG_WARN_SUSPICIOUS_MOVE = YES;
				CLANG_WARN_UNGUARDED_AVAILABILITY = YES_AGGRESSIVE;
				CLANG_WARN_UNREACHABLE_CODE = YES;
				CLANG_WARN__DUPLICATE_METHOD_MATCH = YES;
				COPY_PHASE_STRIP = NO;
				DEBUG_INFORMATION_FORMAT = dwarf;
				ENABLE_STRICT_OBJC_MSGSEND = YES;
				ENABLE_TESTABILITY = YES;
				GCC_C_LANGUAGE_STANDARD = gnu11;
				GCC_DYNAMIC_NO_PIC = NO;
				GCC_NO_COMMON_BLOCKS = YES;
				GCC_OPTIMIZATION_LEVEL = 0;
				GCC_PREPROCESSOR_DEFINITIONS = (
					"$(inherited)",
					"DEBUG=1",
				);
				GCC_WARN_64_TO_32_BIT_CONVERSION = YES;
				GCC_WARN_ABOUT_RETURN_TYPE = YES_ERROR;
				GCC_WARN_UNDECLARED_SELECTOR = YES;
				GCC_WARN_UNINITIALIZED_AUTOS = YES_AGGRESSIVE;
				GCC_WARN_UNUSED_FUNCTION = YES;
				GCC_WARN_UNUSED_VARIABLE = YES;
				MTL_ENABLE_DEBUG_INFO = INCLUDE_SOURCE;
				MTL_FAST_MATH = YES;
				ONLY_ACTIVE_ARCH = YES;
				PRODUCT_NAME = "$(TARGET_NAME)";
				SDKROOT = iphoneos;
				SWIFT_ACTIVE_COMPILATION_CONDITIONS = DEBUG;
				SWIFT_OPTIMIZATION_LEVEL = "-Onone";
				SWIFT_VERSION = 5.0;
			};
			name = Debug;
		};
		746BCEBF771E489DE1A14A19 /* Release */ = {
			isa = XCBuildConfiguration;
			buildSettings = {
				BUNDLE_LOADER = "$(TEST_HOST)";
				CODE_SIGNING_ALLOWED = NO;
				CODE_SIGN_IDENTITY = "";
				GENERATE_INFOPLIST_FILE = YES;
				IPHONEOS_DEPLOYMENT_TARGET = 17.0;
				LD_RUNPATH_SEARCH_PATHS = (
					"$(inherited)",
					"@executable_path/Frameworks",
					"@loader_path/Frameworks",
				);
				SDKROOT = iphoneos;
				SWIFT_VERSION = 5.9;
				TARGETED_DEVICE_FAMILY = "1,2";
				TEST_TARGET_NAME = FocusLock;
			};
			name = Release;
		};
		B2F13E2ED6CE81A123177902 /* Release */ = {
			isa = XCBuildConfiguration;
			buildSettings = {
				ASSETCATALOG_COMPILER_APPICON_NAME = AppIcon;
				CODE_SIGNING_ALLOWED = NO;
				CODE_SIGN_IDENTITY = "";
				CURRENT_PROJECT_VERSION = 1;
				GENERATE_INFOPLIST_FILE = YES;
				INFOPLIST_KEY_UILaunchScreen_Generation = YES;
				INFOPLIST_KEY_UISupportedInterfaceOrientations = UIInterfaceOrientationPortrait;
				INFOPLIST_KEY_UISupportedInterfaceOrientations_iPad = "UIInterfaceOrientationPortrait UIInterfaceOrientationPortraitUpsideDown UIInterfaceOrientationLandscapeLeft UIInterfaceOrientationLandscapeRight";
				IPHONEOS_DEPLOYMENT_TARGET = 17.0;
				LD_RUNPATH_SEARCH_PATHS = (
					"$(inherited)",
					"@executable_path/Frameworks",
				);
				MARKETING_VERSION = 1.0;
				PRODUCT_BUNDLE_IDENTIFIER = com.focuslock.app;
				SDKROOT = iphoneos;
				SWIFT_VERSION = 5.9;
				TARGETED_DEVICE_FAMILY = "1,2";
			};
			name = Release;
		};
		C4399834DAC34596F7834C28 /* Debug */ = {
			isa = XCBuildConfiguration;
			buildSettings = {
				ASSETCATALOG_COMPILER_APPICON_NAME = AppIcon;
				CODE_SIGNING_ALLOWED = NO;
				CODE_SIGN_IDENTITY = "";
				CURRENT_PROJECT_VERSION = 1;
				GENERATE_INFOPLIST_FILE = YES;
				INFOPLIST_KEY_UILaunchScreen_Generation = YES;
				INFOPLIST_KEY_UISupportedInterfaceOrientations = UIInterfaceOrientationPortrait;
				INFOPLIST_KEY_UISupportedInterfaceOrientations_iPad = "UIInterfaceOrientationPortrait UIInterfaceOrientationPortraitUpsideDown UIInterfaceOrientationLandscapeLeft UIInterfaceOrientationLandscapeRight";
				IPHONEOS_DEPLOYMENT_TARGET = 17.0;
				LD_RUNPATH_SEARCH_PATHS = (
					"$(inherited)",
					"@executable_path/Frameworks",
				);
				MARKETING_VERSION = 1.0;
				PRODUCT_BUNDLE_IDENTIFIER = com.focuslock.app;
				SDKROOT = iphoneos;
				SWIFT_VERSION = 5.9;
				TARGETED_DEVICE_FAMILY = "1,2";
			};
			name = Debug;
		};
/* End XCBuildConfiguration section */

/* Begin XCConfigurationList section */
		344568AE97E40F4B35E512A3 /* Build configuration list for PBXNativeTarget "FocusLock" */ = {
			isa = XCConfigurationList;
			buildConfigurations = (
				C4399834DAC34596F7834C28 /* Debug */,
				B2F13E2ED6CE81A123177902 /* Release */,
			);
			defaultConfigurationIsVisible = 0;
			defaultConfigurationName = Debug;
		};
		4917ED1351971D25762AAE8A /* Build configuration list for PBXNativeTarget "FocusLockUITests" */ = {
			isa = XCConfigurationList;
			buildConfigurations = (
				040770E2B7110707F9FB0A8C /* Debug */,
				746BCEBF771E489DE1A14A19 /* Release */,
			);
			defaultConfigurationIsVisible = 0;
			defaultConfigurationName = Debug;
		};
		4E937BF2C3C5309AED844B32 /* Build configuration list for PBXProject "FocusLock" */ = {
			isa = XCConfigurationList;
			buildConfigurations = (
				29159116B862B9EB373F0F44 /* Debug */,
				284A47B68ADC5051580733F0 /* Release */,
			);
			defaultConfigurationIsVisible = 0;
			defaultConfigurationName = Debug;
		};
/* End XCConfigurationList section */
	};
	rootObject = 29E2A9ACFFADEAA47FD65614 /* Project object */;
}
